
Microsoft Visual Studio Solution File, Format Version 12.00
# Visual Studio Version 17
VisualStudioVersion = 17.13.35806.99 d17.13
MinimumVisualStudioVersion = 10.0.40219.1
Project("{FAE04EC0-301F-11D3-BF4B-00C04F79EFBC}") = "AspNetServer", "AspNetServer\AspNetServer.csproj", "{4ACCF209-9824-4FE3-8FE8-23957273019D}"
EndProject
Global
	GlobalSection(SolutionConfigurationPlatforms) = preSolution
		Debug|Any CPU = Debug|Any CPU
		Release|Any CPU = Release|Any CPU
	EndGlobalSection
	GlobalSection(ProjectConfigurationPlatforms) = postSolution
		{4ACCF209-9824-4FE3-8FE8-23957273019D}.Debug|Any CPU.ActiveCfg = Debug|Any CPU
		{4ACCF209-9824-4FE3-8FE8-23957273019D}.Debug|Any CPU.Build.0 = Debug|Any CPU
		{4ACCF209-9824-4FE3-8FE8-23957273019D}.Release|Any CPU.ActiveCfg = Release|Any CPU
		{4ACCF209-9824-4FE3-8FE8-23957273019D}.Release|Any CPU.Build.0 = Release|Any CPU
	EndGlobalSection
	GlobalSection(SolutionProperties) = preSolution
		HideSolutionNode = FALSE
	EndGlobalSection
	GlobalSection(ExtensibilityGlobals) = postSolution
		SolutionGuid = {3113AC24-5AAF-4F1F-BCF7-6883024E6CD7}
	EndGlobalSection
EndGlobal
